// !$*UTF8*$!
{
	archiveVersion = 1;
	classes = {
	};
	objectVersion = 56;
	objects = {

/* Begin PBXBuildFile section */
		453AEB972A45C6FB00C1A099 /* ToDoListApp.swift in Sources */ = {isa = PBXBuildFile; fileRef = 453AEB962A45C6FB00C1A099 /* ToDoListApp.swift */; };
		453AEB992A45C6FB00C1A099 /* MainView.swift in Sources */ = {isa = PBXBuildFile; fileRef = 453AEB982A45C6FB00C1A099 /* MainView.swift */; };
		453AEB9B2A45C70100C1A099 /* Assets.xcassets in Resources */ = {isa = PBXBuildFile; fileRef = 453AEB9A2A45C70100C1A099 /* Assets.xcassets */; };
		453AEB9E2A45C70100C1A099 /* Preview Assets.xcassets in Resources */ = {isa = PBXBuildFile; fileRef = 453AEB9D2A45C70100C1A099 /* Preview Assets.xcassets */; };
		453AEBA82A45C70200C1A099 /* ToDoListTests.swift in Sources */ = {isa = PBXBuildFile; fileRef = 453AEBA72A45C70200C1A099 /* ToDoListTests.swift */; };
		453AEBB22A45C70200C1A099 /* ToDoListUITests.swift in Sources */ = {isa = PBXBuildFile; fileRef = 453AEBB12A45C70200C1A099 /* ToDoListUITests.swift */; };
		453AEBB42A45C70200C1A099 /* ToDoListUITestsLaunchTests.swift in Sources */ = {isa = PBXBuildFile; fileRef = 453AEBB32A45C70200C1A099 /* ToDoListUITestsLaunchTests.swift */; };
		45AF2FC12A4635E90073DBB4 /* TodoListItemViewViewModel.swift in Sources */ = {isa = PBXBuildFile; fileRef = 45AF2FC02A4635E90073DBB4 /* TodoListItemViewViewModel.swift */; };
		45AF2FC32A4649650073DBB4 /* HeaderView.swift in Sources */ = {isa = PBXBuildFile; fileRef = 45AF2FC22A4649650073DBB4 /* HeaderView.swift */; };
		45D2351B2A45ECCE0020036B /* FirebaseAuth in Frameworks */ = {isa = PBXBuildFile; productRef = 45D2351A2A45ECCE0020036B /* FirebaseAuth */; };
		45D2351D2A45ECCE0020036B /* FirebaseFirestore in Frameworks */ = {isa = PBXBuildFile; productRef = 45D2351C2A45ECCE0020036B /* FirebaseFirestore */; };
		45D2351F2A45ECCE0020036B /* FirebaseFirestoreSwift in Frameworks */ = {isa = PBXBuildFile; productRef = 45D2351E2A45ECCE0020036B /* FirebaseFirestoreSwift */; };
		45D235212A45F4660020036B /* GoogleService-Info.plist in Resources */ = {isa = PBXBuildFile; fileRef = 45D235202A45F4660020036B /* GoogleService-Info.plist */; };
		45D235272A45F92B0020036B /* ProfileView.swift in Sources */ = {isa = PBXBuildFile; fileRef = 45D235262A45F92B0020036B /* ProfileView.swift */; };
		45D235292A45F9520020036B /* TodoListView.swift in Sources */ = {isa = PBXBuildFile; fileRef = 45D235282A45F9520020036B /* TodoListView.swift */; };
		45D2352B2A45F9780020036B /* NewItemView.swift in Sources */ = {isa = PBXBuildFile; fileRef = 45D2352A2A45F9780020036B /* NewItemView.swift */; };
		45D2352D2A45F9920020036B /* LoginView.swift in Sources */ = {isa = PBXBuildFile; fileRef = 45D2352C2A45F9920020036B /* LoginView.swift */; };
		45D2352F2A45F99C0020036B /* RegisterView.swift in Sources */ = {isa = PBXBuildFile; fileRef = 45D2352E2A45F99C0020036B /* RegisterView.swift */; };
		45D235312A45F9ED0020036B /* TodoListItemView.swift in Sources */ = {isa = PBXBuildFile; fileRef = 45D235302A45F9ED0020036B /* TodoListItemView.swift */; };
		45D235332A45FA4E0020036B /* User.swift in Sources */ = {isa = PBXBuildFile; fileRef = 45D235322A45FA4E0020036B /* User.swift */; };
		45D235352A45FA5A0020036B /* TodoListItem.swift in Sources */ = {isa = PBXBuildFile; fileRef = 45D235342A45FA5A0020036B /* TodoListItem.swift */; };
		45D235372A45FA8E0020036B /* MainViewViewModel.swift in Sources */ = {isa = PBXBuildFile; fileRef = 45D235362A45FA8E0020036B /* MainViewViewModel.swift */; };
		45D235392A45FA9D0020036B /* ProfileViewViewModel.swift in Sources */ = {isa = PBXBuildFile; fileRef = 45D235382A45FA9D0020036B /* ProfileViewViewModel.swift */; };
		45D2353B2A45FAAB0020036B /* TodoListViewViewModel.swift in Sources */ = {isa = PBXBuildFile; fileRef = 45D2353A2A45FAAB0020036B /* TodoListViewViewModel.swift */; };
		45D2353D2A45FAD60020036B /* NewItemViewViewModel.swift in Sources */ = {isa = PBXBuildFile; fileRef = 45D2353C2A45FAD60020036B /* NewItemViewViewModel.swift */; };
		45D2353F2A45FAE10020036B /* LoginViewViewModel.swift in Sources */ = {isa = PBXBuildFile; fileRef = 45D2353E2A45FAE10020036B /* LoginViewViewModel.swift */; };
		45D235412A45FAEF0020036B /* RegisterViewViewModel.swift in Sources */ = {isa = PBXBuildFile; fileRef = 45D235402A45FAEF0020036B /* RegisterViewViewModel.swift */; };
/* End PBXBuildFile section */

/* Begin PBXContainerItemProxy section */
		453AEBA42A45C70200C1A099 /* PBXContainerItemProxy */ = {
			isa = PBXContainerItemProxy;
			containerPortal = 453AEB8B2A45C6FB00C1A099 /* Project object */;
			proxyType = 1;
			remoteGlobalIDString = 453AEB922A45C6FB00C1A099;
			remoteInfo = ToDoList;
		};
		453AEBAE2A45C70200C1A099 /* PBXContainerItemProxy */ = {
			isa = PBXContainerItemProxy;
			containerPortal = 453AEB8B2A45C6FB00C1A099 /* Project object */;
			proxyType = 1;
			remoteGlobalIDString = 453AEB922A45C6FB00C1A099;
			remoteInfo = ToDoList;
		};
/* End PBXContainerItemProxy section */

/* Begin PBXFileReference section */
		453AEB932A45C6FB00C1A099 /* ToDoList.app */ = {isa = PBXFileReference; explicitFileType = wrapper.application; includeInIndex = 0; path = ToDoList.app; sourceTree = BUILT_PRODUCTS_DIR; };
		453AEB962A45C6FB00C1A099 /* ToDoListApp.swift */ = {isa = PBXFileReference; lastKnownFileType = sourcecode.swift; path = ToDoListApp.swift; sourceTree = "<group>"; };
		453AEB982A45C6FB00C1A099 /* MainView.swift */ = {isa = PBXFileReference; lastKnownFileType = sourcecode.swift; path = MainView.swift; sourceTree = "<group>"; };
		453AEB9A2A45C70100C1A099 /* Assets.xcassets */ = {isa = PBXFileReference; lastKnownFileType = folder.assetcatalog; path = Assets.xcassets; sourceTree = "<group>"; };
		453AEB9D2A45C70100C1A099 /* Preview Assets.xcassets */ = {isa = PBXFileReference; lastKnownFileType = folder.assetcatalog; path = "Preview Assets.xcassets"; sourceTree = "<group>"; };
		453AEBA32A45C70200C1A099 /* ToDoListTests.xctest */ = {isa = PBXFileReference; explicitFileType = wrapper.cfbundle; includeInIndex = 0; path = ToDoListTests.xctest; sourceTree = BUILT_PRODUCTS_DIR; };
		453AEBA72A45C70200C1A099 /* ToDoListTests.swift */ = {isa = PBXFileReference; lastKnownFileType = sourcecode.swift; path = ToDoListTests.swift; sourceTree = "<group>"; };
		453AEBAD2A45C70200C1A099 /* ToDoListUITests.xctest */ = {isa = PBXFileReference; explicitFileType = wrapper.cfbundle; includeInIndex = 0; path = ToDoListUITests.xctest; sourceTree = BUILT_PRODUCTS_DIR; };
		453AEBB12A45C70200C1A099 /* ToDoListUITests.swift */ = {isa = PBXFileReference; lastKnownFileType = sourcecode.swift; path = ToDoListUITests.swift; sourceTree = "<group>"; };
		453AEBB32A45C70200C1A099 /* ToDoListUITestsLaunchTests.swift */ = {isa = PBXFileReference; lastKnownFileType = sourcecode.swift; path = ToDoListUITestsLaunchTests.swift; sourceTree = "<group>"; };
		45AF2FC02A4635E90073DBB4 /* TodoListItemViewViewModel.swift */ = {isa = PBXFileReference; lastKnownFileType = sourcecode.swift; path = TodoListItemViewViewModel.swift; sourceTree = "<group>"; };
		45AF2FC22A4649650073DBB4 /* HeaderView.swift */ = {isa = PBXFileReference; lastKnownFileType = sourcecode.swift; path = HeaderView.swift; sourceTree = "<group>"; };
		45D235202A45F4660020036B /* GoogleService-Info.plist */ = {isa = PBXFileReference; fileEncoding = 4; lastKnownFileType = text.plist.xml; path = "GoogleService-Info.plist"; sourceTree = "<group>"; };
		45D235262A45F92B0020036B /* ProfileView.swift */ = {isa = PBXFileReference; lastKnownFileType = sourcecode.swift; path = ProfileView.swift; sourceTree = "<group>"; };
		45D235282A45F9520020036B /* TodoListView.swift */ = {isa = PBXFileReference; lastKnownFileType = sourcecode.swift; path = TodoListView.swift; sourceTree = "<group>"; };
		45D2352A2A45F9780020036B /* NewItemView.swift */ = {isa = PBXFileReference; lastKnownFileType = sourcecode.swift; path = NewItemView.swift; sourceTree = "<group>"; };
		45D2352C2A45F9920020036B /* LoginView.swift */ = {isa = PBXFileReference; lastKnownFileType = sourcecode.swift; path = LoginView.swift; sourceTree = "<group>"; };
		45D2352E2A45F99C0020036B /* RegisterView.swift */ = {isa = PBXFileReference; lastKnownFileType = sourcecode.swift; path = RegisterView.swift; sourceTree = "<group>"; };
		45D235302A45F9ED0020036B /* TodoListItemView.swift */ = {isa = PBXFileReference; lastKnownFileType = sourcecode.swift; path = TodoListItemView.swift; sourceTree = "<group>"; };
		45D235322A45FA4E0020036B /* User.swift */ = {isa = PBXFileReference; lastKnownFileType = sourcecode.swift; path = User.swift; sourceTree = "<group>"; };
		45D235342A45FA5A0020036B /* TodoListItem.swift */ = {isa = PBXFileReference; lastKnownFileType = sourcecode.swift; path = TodoListItem.swift; sourceTree = "<group>"; };
		45D235362A45FA8E0020036B /* MainViewViewModel.swift */ = {isa = PBXFileReference; lastKnownFileType = sourcecode.swift; path = MainViewViewModel.swift; sourceTree = "<group>"; };
		45D235382A45FA9D0020036B /* ProfileViewViewModel.swift */ = {isa = PBXFileReference; lastKnownFileType = sourcecode.swift; path = ProfileViewViewModel.swift; sourceTree = "<group>"; };
		45D2353A2A45FAAB0020036B /* TodoListViewViewModel.swift */ = {isa = PBXFileReference; lastKnownFileType = sourcecode.swift; path = TodoListViewViewModel.swift; sourceTree = "<group>"; };
		45D2353C2A45FAD60020036B /* NewItemViewViewModel.swift */ = {isa = PBXFileReference; lastKnownFileType = sourcecode.swift; path = NewItemViewViewModel.swift; sourceTree = "<group>"; };
		45D2353E2A45FAE10020036B /* LoginViewViewModel.swift */ = {isa = PBXFileReference; lastKnownFileType = sourcecode.swift; path = LoginViewViewModel.swift; sourceTree = "<group>"; };
		45D235402A45FAEF0020036B /* RegisterViewViewModel.swift */ = {isa = PBXFileReference; lastKnownFileType = sourcecode.swift; path = RegisterViewViewModel.swift; sourceTree = "<group>"; };
/* End PBXFileReference section */

/* Begin PBXFrameworksBuildPhase section */
		453AEB902A45C6FB00C1A099 /* Frameworks */ = {
			isa = PBXFrameworksBuildPhase;
			buildActionMask = 2147483647;
			files = (
				45D2351B2A45ECCE0020036B /* FirebaseAuth in Frameworks */,
				45D2351D2A45ECCE0020036B /* FirebaseFirestore in Frameworks */,
				45D2351F2A45ECCE0020036B /* FirebaseFirestoreSwift in Frameworks */,
			);
			runOnlyForDeploymentPostprocessing = 0;
		};
		453AEBA02A45C70200C1A099 /* Frameworks */ = {
			isa = PBXFrameworksBuildPhase;
			buildActionMask = 2147483647;
			files = (
			);
			runOnlyForDeploymentPostprocessing = 0;
		};
		453AEBAA2A45C70200C1A099 /* Frameworks */ = {
			isa = PBXFrameworksBuildPhase;
			buildActionMask = 2147483647;
			files = (
			);
			runOnlyForDeploymentPostprocessing = 0;
		};
/* End PBXFrameworksBuildPhase section */

/* Begin PBXGroup section */
		453AEB8A2A45C6FB00C1A099 = {
			isa = PBXGroup;
			children = (
				453AEB952A45C6FB00C1A099 /* ToDoList */,
				453AEBA62A45C70200C1A099 /* ToDoListTests */,
				453AEBB02A45C70200C1A099 /* ToDoListUITests */,
				453AEB942A45C6FB00C1A099 /* Products */,
			);
			sourceTree = "<group>";
		};
		453AEB942A45C6FB00C1A099 /* Products */ = {
			isa = PBXGroup;
			children = (
				453AEB932A45C6FB00C1A099 /* ToDoList.app */,
				453AEBA32A45C70200C1A099 /* ToDoListTests.xctest */,
				453AEBAD2A45C70200C1A099 /* ToDoListUITests.xctest */,
			);
			name = Products;
			sourceTree = "<group>";
		};
		453AEB952A45C6FB00C1A099 /* ToDoList */ = {
			isa = PBXGroup;
			children = (
				45D235252A45F7F60020036B /* Others */,
				45D235242A45F7F00020036B /* Models */,
				45D235232A45F7E90020036B /* ViewModels */,
				45D235222A45F7CB0020036B /* Views */,
				453AEB9C2A45C70100C1A099 /* Preview Content */,
			);
			path = ToDoList;
			sourceTree = "<group>";
		};
		453AEB9C2A45C70100C1A099 /* Preview Content */ = {
			isa = PBXGroup;
			children = (
				453AEB9D2A45C70100C1A099 /* Preview Assets.xcassets */,
			);
			path = "Preview Content";
			sourceTree = "<group>";
		};
		453AEBA62A45C70200C1A099 /* ToDoListTests */ = {
			isa = PBXGroup;
			children = (
				453AEBA72A45C70200C1A099 /* ToDoListTests.swift */,
			);
			path = ToDoListTests;
			sourceTree = "<group>";
		};
		453AEBB02A45C70200C1A099 /* ToDoListUITests */ = {
			isa = PBXGroup;
			children = (
				453AEBB12A45C70200C1A099 /* ToDoListUITests.swift */,
				453AEBB32A45C70200C1A099 /* ToDoListUITestsLaunchTests.swift */,
			);
			path = ToDoListUITests;
			sourceTree = "<group>";
		};
		45D235222A45F7CB0020036B /* Views */ = {
			isa = PBXGroup;
			children = (
				453AEB982A45C6FB00C1A099 /* MainView.swift */,
				45D235262A45F92B0020036B /* ProfileView.swift */,
				45D235282A45F9520020036B /* TodoListView.swift */,
				45D2352A2A45F9780020036B /* NewItemView.swift */,
				45D2352C2A45F9920020036B /* LoginView.swift */,
				45D2352E2A45F99C0020036B /* RegisterView.swift */,
				45D235302A45F9ED0020036B /* TodoListItemView.swift */,
				45AF2FC22A4649650073DBB4 /* HeaderView.swift */,
			);
			path = Views;
			sourceTree = "<group>";
		};
		45D235232A45F7E90020036B /* ViewModels */ = {
			isa = PBXGroup;
			children = (
				45D235362A45FA8E0020036B /* MainViewViewModel.swift */,
				45D235382A45FA9D0020036B /* ProfileViewViewModel.swift */,
				45D2353A2A45FAAB0020036B /* TodoListViewViewModel.swift */,
				45D2353C2A45FAD60020036B /* NewItemViewViewModel.swift */,
				45D2353E2A45FAE10020036B /* LoginViewViewModel.swift */,
				45D235402A45FAEF0020036B /* RegisterViewViewModel.swift */,
				45AF2FC02A4635E90073DBB4 /* TodoListItemViewViewModel.swift */,
			);
			path = ViewModels;
			sourceTree = "<group>";
		};
		45D235242A45F7F00020036B /* Models */ = {
			isa = PBXGroup;
			children = (
				45D235322A45FA4E0020036B /* User.swift */,
				45D235342A45FA5A0020036B /* TodoListItem.swift */,
			);
			path = Models;
			sourceTree = "<group>";
		};
		45D235252A45F7F60020036B /* Others */ = {
			isa = PBXGroup;
			children = (
				453AEB962A45C6FB00C1A099 /* ToDoListApp.swift */,
				453AEB9A2A45C70100C1A099 /* Assets.xcassets */,
				45D235202A45F4660020036B /* GoogleService-Info.plist */,
			);
			path = Others;
			sourceTree = "<group>";
		};
/* End PBXGroup section */

/* Begin PBXNativeTarget section */
		453AEB922A45C6FB00C1A099 /* ToDoList */ = {
			isa = PBXNativeTarget;
			buildConfigurationList = 453AEBB72A45C70200C1A099 /* Build configuration list for PBXNativeTarget "ToDoList" */;
			buildPhases = (
				453AEB8F2A45C6FB00C1A099 /* Sources */,
				453AEB902A45C6FB00C1A099 /* Frameworks */,
				453AEB912A45C6FB00C1A099 /* Resources */,
			);
			buildRules = (
			);
			dependencies = (
			);
			name = ToDoList;
			packageProductDependencies = (
				45D2351A2A45ECCE0020036B /* FirebaseAuth */,
				45D2351C2A45ECCE0020036B /* FirebaseFirestore */,
				45D2351E2A45ECCE0020036B /* FirebaseFirestoreSwift */,
			);
			productName = ToDoList;
			productReference = 453AEB932A45C6FB00C1A099 /* ToDoList.app */;
			productType = "com.apple.product-type.application";
		};
		453AEBA22A45C70200C1A099 /* ToDoListTests */ = {
			isa = PBXNativeTarget;
			buildConfigurationList = 453AEBBA2A45C70200C1A099 /* Build configuration list for PBXNativeTarget "ToDoListTests" */;
			buildPhases = (
				453AEB9F2A45C70200C1A099 /* Sources */,
				453AEBA02A45C70200C1A099 /* Frameworks */,
				453AEBA12A45C70200C1A099 /* Resources */,
			);
			buildRules = (
			);
			dependencies = (
				453AEBA52A45C70200C1A099 /* PBXTargetDependency */,
			);
			name = ToDoListTests;
			productName = ToDoListTests;
			productReference = 453AEBA32A45C70200C1A099 /* ToDoListTests.xctest */;
			productType = "com.apple.product-type.bundle.unit-test";
		};
		453AEBAC2A45C70200C1A099 /* ToDoListUITests */ = {
			isa = PBXNativeTarget;
			buildConfigurationList = 453AEBBD2A45C70200C1A099 /* Build configuration list for PBXNativeTarget "ToDoListUITests" */;
			buildPhases = (
				453AEBA92A45C70200C1A099 /* Sources */,
				453AEBAA2A45C70200C1A099 /* Frameworks */,
				453AEBAB2A45C70200C1A099 /* Resources */,
			);
			buildRules = (
			);
			dependencies = (
				453AEBAF2A45C70200C1A099 /* PBXTargetDependency */,
			);
			name = ToDoListUITests;
			productName = ToDoListUITests;
			productReference = 453AEBAD2A45C70200C1A099 /* ToDoListUITests.xctest */;
			productType = "com.apple.product-type.bundle.ui-testing";
		};
/* End PBXNativeTarget section */

/* Begin PBXProject section */
		453AEB8B2A45C6FB00C1A099 /* Project object */ = {
			isa = PBXProject;
			attributes = {
				BuildIndependentTargetsInParallel = 1;
				LastSwiftUpdateCheck = 1420;
				LastUpgradeCheck = 1420;
				TargetAttributes = {
					453AEB922A45C6FB00C1A099 = {
						CreatedOnToolsVersion = 14.2;
					};
					453AEBA22A45C70200C1A099 = {
						CreatedOnToolsVersion = 14.2;
						TestTargetID = 453AEB922A45C6FB00C1A099;
					};
					453AEBAC2A45C70200C1A099 = {
						CreatedOnToolsVersion = 14.2;
						TestTargetID = 453AEB922A45C6FB00C1A099;
					};
				};
			};
			buildConfigurationList = 453AEB8E2A45C6FB00C1A099 /* Build configuration list for PBXProject "ToDoList" */;
			compatibilityVersion = "Xcode 14.0";
			developmentRegion = en;
			hasScannedForEncodings = 0;
			knownRegions = (
				en,
				Base,
			);
			mainGroup = 453AEB8A2A45C6FB00C1A099;
			packageReferences = (
				45D235192A45ECCE0020036B /* XCRemoteSwiftPackageReference "firebase-ios-sdk" */,
			);
			productRefGroup = 453AEB942A45C6FB00C1A099 /* Products */;
			projectDirPath = "";
			projectRoot = "";
			targets = (
				453AEB922A45C6FB00C1A099 /* ToDoList */,
				453AEBA22A45C70200C1A099 /* ToDoListTests */,
				453AEBAC2A45C70200C1A099 /* ToDoListUITests */,
			);
		};
/* End PBXProject section */

/* Begin PBXResourcesBuildPhase section */
		453AEB912A45C6FB00C1A099 /* Resources */ = {
			isa = PBXResourcesBuildPhase;
			buildActionMask = 2147483647;
			files = (
				453AEB9E2A45C70100C1A099 /* Preview Assets.xcassets in Resources */,
				453AEB9B2A45C70100C1A099 /* Assets.xcassets in Resources */,
				45D235212A45F4660020036B /* GoogleService-Info.plist in Resources */,
			);
			runOnlyForDeploymentPostprocessing = 0;
		};
		453AEBA12A45C70200C1A099 /* Resources */ = {
			isa = PBXResourcesBuildPhase;
			buildActionMask = 2147483647;
			files = (
			);
			runOnlyForDeploymentPostprocessing = 0;
		};
		453AEBAB2A45C70200C1A099 /* Resources */ = {
			isa = PBXResourcesBuildPhase;
			buildActionMask = 2147483647;
			files = (
			);
			runOnlyForDeploymentPostprocessing = 0;
		};
/* End PBXResourcesBuildPhase section */

/* Begin PBXSourcesBuildPhase section */
		453AEB8F2A45C6FB00C1A099 /* Sources */ = {
			isa = PBXSourcesBuildPhase;
			buildActionMask = 2147483647;
			files = (
				45D235352A45FA5A0020036B /* TodoListItem.swift in Sources */,
				45AF2FC32A4649650073DBB4 /* HeaderView.swift in Sources */,
				45AF2FC12A4635E90073DBB4 /* TodoListItemViewViewModel.swift in Sources */,
				45D2352D2A45F9920020036B /* LoginView.swift in Sources */,
				45D235412A45FAEF0020036B /* RegisterViewViewModel.swift in Sources */,
				45D235372A45FA8E0020036B /* MainViewViewModel.swift in Sources */,
				453AEB992A45C6FB00C1A099 /* MainView.swift in Sources */,
				45D235292A45F9520020036B /* TodoListView.swift in Sources */,
				45D235392A45FA9D0020036B /* ProfileViewViewModel.swift in Sources */,
				45D2352F2A45F99C0020036B /* RegisterView.swift in Sources */,
				45D235272A45F92B0020036B /* ProfileView.swift in Sources */,
				45D2353B2A45FAAB0020036B /* TodoListViewViewModel.swift in Sources */,
				45D235332A45FA4E0020036B /* User.swift in Sources */,
				45D2353F2A45FAE10020036B /* LoginViewViewModel.swift in Sources */,
				45D235312A45F9ED0020036B /* TodoListItemView.swift in Sources */,
				453AEB972A45C6FB00C1A099 /* ToDoListApp.swift in Sources */,
				45D2352B2A45F9780020036B /* NewItemView.swift in Sources */,
				45D2353D2A45FAD60020036B /* NewItemViewViewModel.swift in Sources */,
			);
			runOnlyForDeploymentPostprocessing = 0;
		};
		453AEB9F2A45C70200C1A099 /* Sources */ = {
			isa = PBXSourcesBuildPhase;
			buildActionMask = 2147483647;
			files = (
				453AEBA82A45C70200C1A099 /* ToDoListTests.swift in Sources */,
			);
			runOnlyForDeploymentPostprocessing = 0;
		};
		453AEBA92A45C70200C1A099 /* Sources */ = {
			isa = PBXSourcesBuildPhase;
			buildActionMask = 2147483647;
			files = (
				453AEBB42A45C70200C1A099 /* ToDoListUITestsLaunchTests.swift in Sources */,
				453AEBB22A45C70200C1A099 /* ToDoListUITests.swift in Sources */,
			);
			runOnlyForDeploymentPostprocessing = 0;
		};
/* End PBXSourcesBuildPhase section */

/* Begin PBXTargetDependency section */
		453AEBA52A45C70200C1A099 /* PBXTargetDependency */ = {
			isa = PBXTargetDependency;
			target = 453AEB922A45C6FB00C1A099 /* ToDoList */;
			targetProxy = 453AEBA42A45C70200C1A099 /* PBXContainerItemProxy */;
		};
		453AEBAF2A45C70200C1A099 /* PBXTargetDependency */ = {
			isa = PBXTargetDependency;
			target = 453AEB922A45C6FB00C1A099 /* ToDoList */;
			targetProxy = 453AEBAE2A45C70200C1A099 /* PBXContainerItemProxy */;
		};
/* End PBXTargetDependency section */

/* Begin XCBuildConfiguration section */
		453AEBB52A45C70200C1A099 /* Debug */ = {
			isa = XCBuildConfiguration;
			buildSettings = {
				ALWAYS_SEARCH_USER_PATHS = NO;
				CLANG_ANALYZER_NONNULL = YES;
				CLANG_ANALYZER_NUMBER_OBJECT_CONVERSION = YES_AGGRESSIVE;
				CLANG_CXX_LANGUAGE_STANDARD = "gnu++20";
				CLANG_ENABLE_MODULES = YES;
				CLANG_ENABLE_OBJC_ARC = YES;
				CLANG_ENABLE_OBJC_WEAK = YES;
				CLANG_WARN_BLOCK_CAPTURE_AUTORELEASING = YES;
				CLANG_WARN_BOOL_CONVERSION = YES;
				CLANG_WARN_COMMA = YES;
				CLANG_WARN_CONSTANT_CONVERSION = YES;
				CLANG_WARN_DEPRECATED_OBJC_IMPLEMENTATIONS = YES;
				CLANG_WARN_DIRECT_OBJC_ISA_USAGE = YES_ERROR;
				CLANG_WARN_DOCUMENTATION_COMMENTS = YES;
				CLANG_WARN_EMPTY_BODY = YES;
				CLANG_WARN_ENUM_CONVERSION = YES;
				CLANG_WARN_INFINITE_RECURSION = YES;
				CLANG_WARN_INT_CONVERSION = YES;
				CLANG_WARN_NON_LITERAL_NULL_CONVERSION = YES;
				CLANG_WARN_OBJC_IMPLICIT_RETAIN_SELF = YES;
				CLANG_WARN_OBJC_LITERAL_CONVERSION = YES;
				CLANG_WARN_OBJC_ROOT_CLASS = YES_ERROR;
				CLANG_WARN_QUOTED_INCLUDE_IN_FRAMEWORK_HEADER = YES;
				CLANG_WARN_RANGE_LOOP_ANALYSIS = YES;
				CLANG_WARN_STRICT_PROTOTYPES = YES;
				CLANG_WARN_SUSPICIOUS_MOVE = YES;
				CLANG_WARN_UNGUARDED_AVAILABILITY = YES_AGGRESSIVE;
				CLANG_WARN_UNREACHABLE_CODE = YES;
				CLANG_WARN__DUPLICATE_METHOD_MATCH = YES;
				COPY_PHASE_STRIP = NO;
				DEBUG_INFORMATION_FORMAT = dwarf;
				ENABLE_STRICT_OBJC_MSGSEND = YES;
				ENABLE_TESTABILITY = YES;
				GCC_C_LANGUAGE_STANDARD = gnu11;
				GCC_DYNAMIC_NO_PIC = NO;
				GCC_NO_COMMON_BLOCKS = YES;
				GCC_OPTIMIZATION_LEVEL = 0;
				GCC_PREPROCESSOR_DEFINITIONS = (
					"DEBUG=1",
					"$(inherited)",
				);
				GCC_WARN_64_TO_32_BIT_CONVERSION = YES;
				GCC_WARN_ABOUT_RETURN_TYPE = YES_ERROR;
				GCC_WARN_UNDECLARED_SELECTOR = YES;
				GCC_WARN_UNINITIALIZED_AUTOS = YES_AGGRESSIVE;
				GCC_WARN_UNUSED_FUNCTION = YES;
				GCC_WARN_UNUSED_VARIABLE = YES;
				IPHONEOS_DEPLOYMENT_TARGET = 16.2;
				MTL_ENABLE_DEBUG_INFO = INCLUDE_SOURCE;
				MTL_FAST_MATH = YES;
				ONLY_ACTIVE_ARCH = YES;
				SDKROOT = iphoneos;
				SWIFT_ACTIVE_COMPILATION_CONDITIONS = DEBUG;
				SWIFT_OPTIMIZATION_LEVEL = "-Onone";
			};
			name = Debug;
		};
		453AEBB62A45C70200C1A099 /* Release */ = {
			isa = XCBuildConfiguration;
			buildSettings = {
				ALWAYS_SEARCH_USER_PATHS = NO;
				CLANG_ANALYZER_NONNULL = YES;
				CLANG_ANALYZER_NUMBER_OBJECT_CONVERSION = YES_AGGRESSIVE;
				CLANG_CXX_LANGUAGE_STANDARD = "gnu++20";
				CLANG_ENABLE_MODULES = YES;
				CLANG_ENABLE_OBJC_ARC = YES;
				CLANG_ENABLE_OBJC_WEAK = YES;
				CLANG_WARN_BLOCK_CAPTURE_AUTORELEASING = YES;
				CLANG_WARN_BOOL_CONVERSION = YES;
				CLANG_WARN_COMMA = YES;
				CLANG_WARN_CONSTANT_CONVERSION = YES;
				CLANG_WARN_DEPRECATED_OBJC_IMPLEMENTATIONS = YES;
				CLANG_WARN_DIRECT_OBJC_ISA_USAGE = YES_ERROR;
				CLANG_WARN_DOCUMENTATION_COMMENTS = YES;
				CLANG_WARN_EMPTY_BODY = YES;
				CLANG_WARN_ENUM_CONVERSION = YES;
				CLANG_WARN_INFINITE_RECURSION = YES;
				CLANG_WARN_INT_CONVERSION = YES;
				CLANG_WARN_NON_LITERAL_NULL_CONVERSION = YES;
				CLANG_WARN_OBJC_IMPLICIT_RETAIN_SELF = YES;
				CLANG_WARN_OBJC_LITERAL_CONVERSION = YES;
				CLANG_WARN_OBJC_ROOT_CLASS = YES_ERROR;
				CLANG_WARN_QUOTED_INCLUDE_IN_FRAMEWORK_HEADER = YES;
				CLANG_WARN_RANGE_LOOP_ANALYSIS = YES;
				CLANG_WARN_STRICT_PROTOTYPES = YES;
				CLANG_WARN_SUSPICIOUS_MOVE = YES;
				CLANG_WARN_UNGUARDED_AVAILABILITY = YES_AGGRESSIVE;
				CLANG_WARN_UNREACHABLE_CODE = YES;
				CLANG_WARN__DUPLICATE_METHOD_MATCH = YES;
				COPY_PHASE_STRIP = NO;
				DEBUG_INFORMATION_FORMAT = "dwarf-with-dsym";
				ENABLE_NS_ASSERTIONS = NO;
				ENABLE_STRICT_OBJC_MSGSEND = YES;
				GCC_C_LANGUAGE_STANDARD = gnu11;
				GCC_NO_COMMON_BLOCKS = YES;
				GCC_WARN_64_TO_32_BIT_CONVERSION = YES;
				GCC_WARN_ABOUT_RETURN_TYPE = YES_ERROR;
				GCC_WARN_UNDECLARED_SELECTOR = YES;
				GCC_WARN_UNINITIALIZED_AUTOS = YES_AGGRESSIVE;
				GCC_WARN_UNUSED_FUNCTION = YES;
				GCC_WARN_UNUSED_VARIABLE = YES;
				IPHONEOS_DEPLOYMENT_TARGET = 16.2;
				MTL_ENABLE_DEBUG_INFO = NO;
				MTL_FAST_MATH = YES;
				SDKROOT = iphoneos;
				SWIFT_COMPILATION_MODE = wholemodule;
				SWIFT_OPTIMIZATION_LEVEL = "-O";
				VALIDATE_PRODUCT = YES;
			};
			name = Release;
		};
		453AEBB82A45C70200C1A099 /* Debug */ = {
			isa = XCBuildConfiguration;
			buildSettings = {
				ASSETCATALOG_COMPILER_APPICON_NAME = AppIcon;
				ASSETCATALOG_COMPILER_GLOBAL_ACCENT_COLOR_NAME = AccentColor;
				CODE_SIGN_STYLE = Automatic;
				CURRENT_PROJECT_VERSION = 1;
				DEVELOPMENT_ASSET_PATHS = "\"ToDoList/Preview Content\"";
				ENABLE_PREVIEWS = YES;
				GENERATE_INFOPLIST_FILE = YES;
				INFOPLIST_KEY_CFBundleDisplayName = "To Do List";
				INFOPLIST_KEY_UIApplicationSceneManifest_Generation = YES;
				INFOPLIST_KEY_UIApplicationSupportsIndirectInputEvents = YES;
				INFOPLIST_KEY_UILaunchScreen_Generation = YES;
				INFOPLIST_KEY_UISupportedInterfaceOrientations = UIInterfaceOrientationPortrait;
				LD_RUNPATH_SEARCH_PATHS = (
					"$(inherited)",
					"@executable_path/Frameworks",
				);
				MARKETING_VERSION = 1.0;
				PRODUCT_BUNDLE_IDENTIFIER = XStrike.ToDoList;
				PRODUCT_NAME = "$(TARGET_NAME)";
				SWIFT_EMIT_LOC_STRINGS = YES;
				SWIFT_VERSION = 5.0;
				TARGETED_DEVICE_FAMILY = "1,2";
			};
			name = Debug;
		};
		453AEBB92A45C70200C1A099 /* Release */ = {
			isa = XCBuildConfiguration;
			buildSettings = {
				ASSETCATALOG_COMPILER_APPICON_NAME = AppIcon;
				ASSETCATALOG_COMPILER_GLOBAL_ACCENT_COLOR_NAME = AccentColor;
				CODE_SIGN_STYLE = Automatic;
				CURRENT_PROJECT_VERSION = 1;
				DEVELOPMENT_ASSET_PATHS = "\"ToDoList/Preview Content\"";
				ENABLE_PREVIEWS = YES;
				GENERATE_INFOPLIST_FILE = YES;
				INFOPLIST_KEY_CFBundleDisplayName = "To Do List";
				INFOPLIST_KEY_UIApplicationSceneManifest_Generation = YES;
				INFOPLIST_KEY_UIApplicationSupportsIndirectInputEvents = YES;
				INFOPLIST_KEY_UILaunchScreen_Generation = YES;
				INFOPLIST_KEY_UISupportedInterfaceOrientations = UIInterfaceOrientationPortrait;
				LD_RUNPATH_SEARCH_PATHS = (
					"$(inherited)",
					"@executable_path/Frameworks",
				);
				MARKETING_VERSION = 1.0;
				PRODUCT_BUNDLE_IDENTIFIER = XStrike.ToDoList;
				PRODUCT_NAME = "$(TARGET_NAME)";
				SWIFT_EMIT_LOC_STRINGS = YES;
				SWIFT_VERSION = 5.0;
				TARGETED_DEVICE_FAMILY = "1,2";
			};
			name = Release;
		};
		453AEBBB2A45C70200C1A099 /* Debug */ = {
			isa = XCBuildConfiguration;
			buildSettings = {
				ALWAYS_EMBED_SWIFT_STANDARD_LIBRARIES = YES;
				BUNDLE_LOADER = "$(TEST_HOST)";
				CODE_SIGN_STYLE = Automatic;
				CURRENT_PROJECT_VERSION = 1;
				GENERATE_INFOPLIST_FILE = YES;
				IPHONEOS_DEPLOYMENT_TARGET = 16.2;
				MARKETING_VERSION = 1.0;
				PRODUCT_BUNDLE_IDENTIFIER = XStrike.ToDoListTests;
				PRODUCT_NAME = "$(TARGET_NAME)";
				SWIFT_EMIT_LOC_STRINGS = NO;
				SWIFT_VERSION = 5.0;
				TARGETED_DEVICE_FAMILY = "1,2";
				TEST_HOST = "$(BUILT_PRODUCTS_DIR)/ToDoList.app/$(BUNDLE_EXECUTABLE_FOLDER_PATH)/ToDoList";
			};
			name = Debug;
		};
		453AEBBC2A45C70200C1A099 /* Release */ = {
			isa = XCBuildConfiguration;
			buildSettings = {
				ALWAYS_EMBED_SWIFT_STANDARD_LIBRARIES = YES;
				BUNDLE_LOADER = "$(TEST_HOST)";
				CODE_SIGN_STYLE = Automatic;
				CURRENT_PROJECT_VERSION = 1;
				GENERATE_INFOPLIST_FILE = YES;
				IPHONEOS_DEPLOYMENT_TARGET = 16.2;
				MARKETING_VERSION = 1.0;
				PRODUCT_BUNDLE_IDENTIFIER = XStrike.ToDoListTests;
				PRODUCT_NAME = "$(TARGET_NAME)";
				SWIFT_EMIT_LOC_STRINGS = NO;
				SWIFT_VERSION = 5.0;
				TARGETED_DEVICE_FAMILY = "1,2";
				TEST_HOST = "$(BUILT_PRODUCTS_DIR)/ToDoList.app/$(BUNDLE_EXECUTABLE_FOLDER_PATH)/ToDoList";
			};
			name = Release;
		};
		453AEBBE2A45C70200C1A099 /* Debug */ = {
			isa = XCBuildConfiguration;
			buildSettings = {
				ALWAYS_EMBED_SWIFT_STANDARD_LIBRARIES = YES;
				CODE_SIGN_STYLE = Automatic;
				CURRENT_PROJECT_VERSION = 1;
				GENERATE_INFOPLIST_FILE = YES;
				MARKETING_VERSION = 1.0;
				PRODUCT_BUNDLE_IDENTIFIER = XStrike.ToDoListUITests;
				PRODUCT_NAME = "$(TARGET_NAME)";
				SWIFT_EMIT_LOC_STRINGS = NO;
				SWIFT_VERSION = 5.0;
				TARGETED_DEVICE_FAMILY = "1,2";
				TEST_TARGET_NAME = ToDoList;
			};
			name = Debug;
		};
		453AEBBF2A45C70200C1A099 /* Release */ = {
			isa = XCBuildConfiguration;
			buildSettings = {
				ALWAYS_EMBED_SWIFT_STANDARD_LIBRARIES = YES;
				CODE_SIGN_STYLE = Automatic;
				CURRENT_PROJECT_VERSION = 1;
				GENERATE_INFOPLIST_FILE = YES;
				MARKETING_VERSION = 1.0;
				PRODUCT_BUNDLE_IDENTIFIER = XStrike.ToDoListUITests;
				PRODUCT_NAME = "$(TARGET_NAME)";
				SWIFT_EMIT_LOC_STRINGS = NO;
				SWIFT_VERSION = 5.0;
				TARGETED_DEVICE_FAMILY = "1,2";
				TEST_TARGET_NAME = ToDoList;
			};
			name = Release;
		};
/* End XCBuildConfiguration section */

/* Begin XCConfigurationList section */
		453AEB8E2A45C6FB00C1A099 /* Build configuration list for PBXProject "ToDoList" */ = {
			isa = XCConfigurationList;
			buildConfigurations = (
				453AEBB52A45C70200C1A099 /* Debug */,
				453AEBB62A45C70200C1A099 /* Release */,
			);
			defaultConfigurationIsVisible = 0;
			defaultConfigurationName = Release;
		};
		453AEBB72A45C70200C1A099 /* Build configuration list for PBXNativeTarget "ToDoList" */ = {
			isa = XCConfigurationList;
			buildConfigurations = (
				453AEBB82A45C70200C1A099 /* Debug */,
				453AEBB92A45C70200C1A099 /* Release */,
			);
			defaultConfigurationIsVisible = 0;
			defaultConfigurationName = Release;
		};
		453AEBBA2A45C70200C1A099 /* Build configuration list for PBXNativeTarget "ToDoListTests" */ = {
			isa = XCConfigurationList;
			buildConfigurations = (
				453AEBBB2A45C70200C1A099 /* Debug */,
				453AEBBC2A45C70200C1A099 /* Release */,
			);
			defaultConfigurationIsVisible = 0;
			defaultConfigurationName = Release;
		};
		453AEBBD2A45C70200C1A099 /* Build configuration list for PBXNativeTarget "ToDoListUITests" */ = {
			isa = XCConfigurationList;
			buildConfigurations = (
				453AEBBE2A45C70200C1A099 /* Debug */,
				453AEBBF2A45C70200C1A099 /* Release */,
			);
			defaultConfigurationIsVisible = 0;
			defaultConfigurationName = Release;
		};
/* End XCConfigurationList section */

/* Begin XCRemoteSwiftPackageReference section */
		45D235192A45ECCE0020036B /* XCRemoteSwiftPackageReference "firebase-ios-sdk" */ = {
			isa = XCRemoteSwiftPackageReference;
			repositoryURL = "https://github.com/firebase/firebase-ios-sdk";
			requirement = {
				kind = upToNextMajorVersion;
				minimumVersion = 9.0.0;
			};
		};
/* End XCRemoteSwiftPackageReference section */

/* Begin XCSwiftPackageProductDependency section */
		45D2351A2A45ECCE0020036B /* FirebaseAuth */ = {
			isa = XCSwiftPackageProductDependency;
			package = 45D235192A45ECCE0020036B /* XCRemoteSwiftPackageReference "firebase-ios-sdk" */;
			productName = FirebaseAuth;
		};
		45D2351C2A45ECCE0020036B /* FirebaseFirestore */ = {
			isa = XCSwiftPackageProductDependency;
			package = 45D235192A45ECCE0020036B /* XCRemoteSwiftPackageReference "firebase-ios-sdk" */;
			productName = FirebaseFirestore;
		};
		45D2351E2A45ECCE0020036B /* FirebaseFirestoreSwift */ = {
			isa = XCSwiftPackageProductDependency;
			package = 45D235192A45ECCE0020036B /* XCRemoteSwiftPackageReference "firebase-ios-sdk" */;
			productName = FirebaseFirestoreSwift;
		};
/* End XCSwiftPackageProductDependency section */
	};
	rootObject = 453AEB8B2A45C6FB00C1A099 /* Project object */;
}
